{
  "format": 1,
  "packages": [
    {
      "commit": "b31299434c785d0f2bd82f36b5bfd2fd36ba1216",
      "dependencies": {},
      "id": "p09fa77e94b0dfc6c",
      "name": "rini",
      "ref": "main",
      "source": true,
      "url": "https://github.com/raysan5/rini.git"
    },
    {
      "commit": "d8f6cc7ea400c3b71cc1d72c1b900206cc009329",
      "dependencies": {},
      "id": "p151b83a361c86f2d",
      "name": "sqlite",
      "ref": "master",
      "source": true,
      "url": "https://github.com/sqlite/sqlite.git"
    },
    {
      "commit": "5cc7677b290f0448462410f7c7e85f518664b943",
      "dependencies": {"liboqs": "pb34994bf01670ac3"},
      "id": "p55635fc8976895a9",
      "name": "Oqs",
      "ref": "master",
      "url": "https://github.com/ziranlang/oqs.git"
    },
    {
      "commit": "fafa2cea97d0cb379d832086ba45a989fa6f9c8e",
      "dependencies": {},
      "id": "p5a77c9c35110e925",
      "name": "raylib",
      "ref": "fafa2cea97d0cb379d832086ba45a989fa6f9c8e",
      "source": true,
      "url": "https://github.com/raysan5/raylib.git"
    },
    {
      "commit": "396f1efedb702b1aacdd724a7b611302d95a0adc",
      "dependencies": {"kryon": "p99a7d913a522175f"},
      "id": "p7b9204ab0ad2089f",
      "name": "Game2D",
      "ref": "master",
      "url": "https://github.com/kryonlabs/game2d.git"
    },
    {
      "commit": "ebb15b7ecfcccfb939ec17a505e46fcc33d3af54",
      "dependencies": {"raylib": "p5a77c9c35110e925"},
      "id": "p99a7d913a522175f",
      "name": "kryon",
      "ref": "master",
      "url": "https://github.com/kryonlabs/kryon.git"
    },
    {
      "commit": "e6b9e783747536f34700aab4bd10718c2fecab3f",
      "dependencies": {},
      "id": "pb34994bf01670ac3",
      "name": "liboqs",
      "ref": "main",
      "source": true,
      "url": "https://github.com/open-quantum-safe/liboqs.git"
    },
    {
      "commit": "bb837dda23ed4df77a9bbeaefd69c8cd9b6e4915",
      "dependencies": {},
      "id": "pc4b263336680098b",
      "name": "curl",
      "ref": "master",
      "source": true,
      "url": "https://github.com/curl/curl.git"
    },
    {
      "commit": "1830c06d5910fba451cec329c8f30f348fc607db",
      "dependencies": {},
      "id": "pccdfe79ccaafde45",
      "name": "monocypher",
      "ref": "master",
      "source": true,
      "url": "https://github.com/LoupVaillant/Monocypher.git"
    },
    {
      "commit": "9490329ca73baf6a00ade5e037c706631d90b26e",
      "dependencies": {"oqs": "p55635fc8976895a9"},
      "id": "pf6b43abf57c5519f",
      "name": "DaochiClient",
      "ref": "master",
      "url": "https://github.com/ziranlang/daochi-client.git"
    },
    {
      "commit": "e1f07e615e9255a513dbb6d66e5e6e9d335ef690",
      "dependencies": {"kryon": "p99a7d913a522175f"},
      "id": "pfdf70946e0505dfe",
      "name": "Kss",
      "ref": "master",
      "url": "https://github.com/kryonlabs/kss.git"
    }
  ],
  "root": {
    "dependencies": {"curl": "pc4b263336680098b", "daochi_client": "pf6b43abf57c5519f", "game2d": "p7b9204ab0ad2089f", "kryon": "p99a7d913a522175f", "kss": "pfdf70946e0505dfe", "liboqs": "pb34994bf01670ac3", "monocypher": "pccdfe79ccaafde45", "oqs": "p55635fc8976895a9", "rini": "p09fa77e94b0dfc6c", "sqlite": "p151b83a361c86f2d"},
    "name": "Inbe"
  },
  "toolchain": {
    "commit": "c1a817271a2de96e33ccef8ccd81ea59e22fe108",
    "ref": "master",
    "url": "https://github.com/ziranlang/ziran.git"
  }
}
