{
  "format": 1,
  "packages": [
    {
      "commit": "aa294f56bd3bb902c8986202ce37a42e9f0f18cf",
      "dependencies": {},
      "id": "p051fa9c56d0358ad",
      "name": "liboqs",
      "ref": "main",
      "source": true,
      "url": "https://github.com/open-quantum-safe/liboqs.git"
    },
    {
      "commit": "b31299434c785d0f2bd82f36b5bfd2fd36ba1216",
      "dependencies": {},
      "id": "p09fa77e94b0dfc6c",
      "name": "rini",
      "ref": "main",
      "source": true,
      "url": "https://github.com/raysan5/rini.git"
    },
    {
      "commit": "d8f6cc7ea400c3b71cc1d72c1b900206cc009329",
      "dependencies": {},
      "id": "p151b83a361c86f2d",
      "name": "sqlite",
      "ref": "master",
      "source": true,
      "url": "https://github.com/sqlite/sqlite.git"
    },
    {
      "commit": "d069d27469a33e97e57e43f4ce1302ae5a2ee408",
      "dependencies": {},
      "id": "p2fe874dd46c0c807",
      "name": "Kryon",
      "ref": "master",
      "url": "https://github.com/kryonlabs/kryon.git"
    },
    {
      "commit": "a2d6a5db8202c1468743cc8d1c90316cfeab2148",
      "dependencies": {},
      "id": "p5a3be391420a26d3",
      "name": "DaochiClient",
      "ref": "master",
      "url": "https://github.com/kryonlabs/daochi-client.git"
    },
    {
      "commit": "cfd9fc0e73658c09a218feb21b8281fe367647b6",
      "dependencies": {"Kryon": "p2fe874dd46c0c807"},
      "id": "p8120950c86e3937b",
      "name": "Game2D",
      "ref": "master",
      "url": "https://github.com/kryonlabs/game2d.git"
    },
    {
      "commit": "bb837dda23ed4df77a9bbeaefd69c8cd9b6e4915",
      "dependencies": {},
      "id": "pc4b263336680098b",
      "name": "curl",
      "ref": "master",
      "source": true,
      "url": "https://github.com/curl/curl.git"
    },
    {
      "commit": "1830c06d5910fba451cec329c8f30f348fc607db",
      "dependencies": {},
      "id": "pccdfe79ccaafde45",
      "name": "monocypher",
      "ref": "master",
      "source": true,
      "url": "https://github.com/LoupVaillant/Monocypher.git"
    }
  ],
  "root": {
    "dependencies": {"curl": "pc4b263336680098b", "daochi_client": "p5a3be391420a26d3", "game2d": "p8120950c86e3937b", "kryon": "p2fe874dd46c0c807", "liboqs": "p051fa9c56d0358ad", "monocypher": "pccdfe79ccaafde45", "rini": "p09fa77e94b0dfc6c", "sqlite": "p151b83a361c86f2d"},
    "name": "Inbe"
  },
  "toolchain": {
    "commit": "ff497c98cdf9efed2d6094cb95cfbe38704fabba",
    "ref": "master",
    "url": "https://github.com/ziranlang/ziran.git"
  }
}
