{
  "format": 1,
  "packages": [
    {
      "commit": "b31299434c785d0f2bd82f36b5bfd2fd36ba1216",
      "dependencies": {},
      "id": "p09fa77e94b0dfc6c",
      "name": "rini",
      "ref": "main",
      "source": true,
      "url": "https://github.com/raysan5/rini.git"
    },
    {
      "commit": "aeaac6eeb1ac84c1bc4439d9aae5267ef9832ef0",
      "dependencies": {},
      "id": "p0d047aae8cb8cecb",
      "name": "liboqs",
      "ref": "main",
      "source": true,
      "url": "https://github.com/open-quantum-safe/liboqs.git"
    },
    {
      "commit": "d8f6cc7ea400c3b71cc1d72c1b900206cc009329",
      "dependencies": {},
      "id": "p151b83a361c86f2d",
      "name": "sqlite",
      "ref": "master",
      "source": true,
      "url": "https://github.com/sqlite/sqlite.git"
    },
    {
      "commit": "ab2b16dd619ad5f6979a4fbe69cfa324a6fcc35f",
      "dependencies": {},
      "id": "p2ff634c7b007140d",
      "name": "monocypher",
      "ref": "master",
      "source": true,
      "url": "https://github.com/LoupVaillant/Monocypher.git"
    },
    {
      "commit": "2a00992af0347c47f04bafe27aa86f666268d638",
      "dependencies": {"kryon": "pcd53dbbb720e9ddc"},
      "id": "p4818b2449814c7f4",
      "name": "Kss",
      "ref": "master",
      "url": "https://github.com/kryonlabs/kss.git"
    },
    {
      "commit": "5cc7677b290f0448462410f7c7e85f518664b943",
      "dependencies": {"liboqs": "p0d047aae8cb8cecb"},
      "id": "p55635fc8976895a9",
      "name": "Oqs",
      "ref": "master",
      "url": "https://github.com/ziranlang/oqs.git"
    },
    {
      "commit": "fafa2cea97d0cb379d832086ba45a989fa6f9c8e",
      "dependencies": {},
      "id": "p5a77c9c35110e925",
      "name": "raylib",
      "ref": "fafa2cea97d0cb379d832086ba45a989fa6f9c8e",
      "source": true,
      "url": "https://github.com/raysan5/raylib.git"
    },
    {
      "commit": "5da6fd4944822ec8f2aeb7426ac58c94f005ab35",
      "dependencies": {"oqs": "p55635fc8976895a9"},
      "id": "pa6cfb65dcd8a925b",
      "name": "DaochiClient",
      "ref": "master",
      "url": "https://github.com/ziranlang/daochi-client.git"
    },
    {
      "commit": "7aa01465ac3f988e0404f3c6dc244bf4b009f253",
      "dependencies": {"kryon": "pcd53dbbb720e9ddc"},
      "id": "paa08e1730a25bda0",
      "name": "Game2D",
      "ref": "master",
      "url": "https://github.com/kryonlabs/game2d.git"
    },
    {
      "commit": "bb837dda23ed4df77a9bbeaefd69c8cd9b6e4915",
      "dependencies": {},
      "id": "pc4b263336680098b",
      "name": "curl",
      "ref": "master",
      "source": true,
      "url": "https://github.com/curl/curl.git"
    },
    {
      "commit": "558e4a9e88fae024856b863243cb253ba81261b7",
      "dependencies": {"raylib": "p5a77c9c35110e925"},
      "id": "pcd53dbbb720e9ddc",
      "name": "kryon",
      "ref": "master",
      "url": "https://github.com/kryonlabs/kryon.git"
    }
  ],
  "root": {
    "dependencies": {"curl": "pc4b263336680098b", "daochi_client": "pa6cfb65dcd8a925b", "game2d": "paa08e1730a25bda0", "kryon": "pcd53dbbb720e9ddc", "kss": "p4818b2449814c7f4", "liboqs": "p0d047aae8cb8cecb", "monocypher": "p2ff634c7b007140d", "oqs": "p55635fc8976895a9", "rini": "p09fa77e94b0dfc6c", "sqlite": "p151b83a361c86f2d"},
    "name": "Inbe"
  },
  "toolchain": {
    "commit": "1ea13ebb6912fa5ad08fd3017e2255805c552c6c",
    "ref": "master",
    "url": "https://github.com/ziranlang/ziran.git"
  }
}
